
Microsoft Visual Studio Solution File, Format Version 12.00
# Visual Studio 2012
Project("{2150E333-8FDC-42A3-9474-1A3956D46DE8}") = "texts", "texts", "{94F8F29C-82F0-45F9-809B-923A9052537E}"
	ProjectSection(SolutionItems) = preProject
		LICENSE.md = LICENSE.md
		README.md = README.md
	EndProjectSection
EndProject
Project("{2150E333-8FDC-42A3-9474-1A3956D46DE8}") = "mario", "mario", "{FFA8DCFD-3385-4BE1-8AF7-B4872E674007}"
EndProject
Project("{2150E333-8FDC-42A3-9474-1A3956D46DE8}") = "tinynlp", "tinynlp", "{93C7D74A-0D0F-474B-8AF0-7DEB45E59987}"
EndProject
Project("{F2A71F9B-5D33-465A-A702-920D77279786}") = "mario.server", "..\mario\src\mario.server.fsproj", "{CDBD813A-5091-4D07-B532-39487135F216}"
EndProject
Project("{F2A71F9B-5D33-465A-A702-920D77279786}") = "webdeploy", "webdeploy\webdeploy.fsproj", "{15FA88A8-563A-436C-B04D-E3B6B6247754}"
EndProject
Project("{2150E333-8FDC-42A3-9474-1A3956D46DE8}") = ".nuget", ".nuget", "{5651D647-36E6-4CD4-B30F-E8436754F9EA}"
	ProjectSection(SolutionItems) = preProject
		.nuget\packages.config = .nuget\packages.config
	EndProjectSection
EndProject
Project("{F2A71F9B-5D33-465A-A702-920D77279786}") = "totify.filters", "src\app\totify.filters\totify.filters.fsproj", "{A7EB0A48-9CEF-4FC3-A6A0-6E49E2B979DD}"
EndProject
Project("{F2A71F9B-5D33-465A-A702-920D77279786}") = "totify.parser", "src\app\totify.parser\totify.parser.fsproj", "{3EC08B94-49E3-428C-9A83-B952EB4AEF7E}"
EndProject
Project("{F2A71F9B-5D33-465A-A702-920D77279786}") = "totify.tests", "src\app\totify.tests\totify.tests.fsproj", "{7852EA85-2A5E-43B2-AA05-46DE67F94E50}"
EndProject
Project("{F2A71F9B-5D33-465A-A702-920D77279786}") = "totify.webapp", "src\app\totify.webapp\totify.webapp.fsproj", "{F53641A6-009F-4025-AC69-2010634AB69D}"
EndProject
Project("{F2A71F9B-5D33-465A-A702-920D77279786}") = "tinynlp", "..\tinynlp.fs\src\app\tinynlp.fsproj", "{514F5744-17B0-4726-8976-77491F11CC0A}"
EndProject
Project("{F2A71F9B-5D33-465A-A702-920D77279786}") = "postagger", "..\tinynlp.fs\src\app\postagger\postagger.fsproj", "{174B13DB-703E-4DB7-A49D-1DB7C0C6E967}"
EndProject
Global
	GlobalSection(SolutionConfigurationPlatforms) = preSolution
		Debug|Any CPU = Debug|Any CPU
		Debug|Mixed Platforms = Debug|Mixed Platforms
		Debug|x64 = Debug|x64
		Release|Any CPU = Release|Any CPU
		Release|Mixed Platforms = Release|Mixed Platforms
		Release|x64 = Release|x64
	EndGlobalSection
	GlobalSection(ProjectConfigurationPlatforms) = postSolution
		{15FA88A8-563A-436C-B04D-E3B6B6247754}.Debug|Any CPU.ActiveCfg = Debug|Any CPU
		{15FA88A8-563A-436C-B04D-E3B6B6247754}.Debug|Any CPU.Build.0 = Debug|Any CPU
		{15FA88A8-563A-436C-B04D-E3B6B6247754}.Debug|Mixed Platforms.ActiveCfg = Debug|Any CPU
		{15FA88A8-563A-436C-B04D-E3B6B6247754}.Debug|Mixed Platforms.Build.0 = Debug|Any CPU
		{15FA88A8-563A-436C-B04D-E3B6B6247754}.Debug|x64.ActiveCfg = Debug|Any CPU
		{15FA88A8-563A-436C-B04D-E3B6B6247754}.Release|Any CPU.ActiveCfg = Release|Any CPU
		{15FA88A8-563A-436C-B04D-E3B6B6247754}.Release|Any CPU.Build.0 = Release|Any CPU
		{15FA88A8-563A-436C-B04D-E3B6B6247754}.Release|Mixed Platforms.ActiveCfg = Release|Any CPU
		{15FA88A8-563A-436C-B04D-E3B6B6247754}.Release|Mixed Platforms.Build.0 = Release|Any CPU
		{15FA88A8-563A-436C-B04D-E3B6B6247754}.Release|x64.ActiveCfg = Release|Any CPU
		{174B13DB-703E-4DB7-A49D-1DB7C0C6E967}.Debug|Any CPU.ActiveCfg = Debug|Any CPU
		{174B13DB-703E-4DB7-A49D-1DB7C0C6E967}.Debug|Any CPU.Build.0 = Debug|Any CPU
		{174B13DB-703E-4DB7-A49D-1DB7C0C6E967}.Debug|Mixed Platforms.ActiveCfg = Debug|Any CPU
		{174B13DB-703E-4DB7-A49D-1DB7C0C6E967}.Debug|Mixed Platforms.Build.0 = Debug|Any CPU
		{174B13DB-703E-4DB7-A49D-1DB7C0C6E967}.Debug|x64.ActiveCfg = Debug|Any CPU
		{174B13DB-703E-4DB7-A49D-1DB7C0C6E967}.Release|Any CPU.ActiveCfg = Release|Any CPU
		{174B13DB-703E-4DB7-A49D-1DB7C0C6E967}.Release|Any CPU.Build.0 = Release|Any CPU
		{174B13DB-703E-4DB7-A49D-1DB7C0C6E967}.Release|Mixed Platforms.ActiveCfg = Release|Any CPU
		{174B13DB-703E-4DB7-A49D-1DB7C0C6E967}.Release|Mixed Platforms.Build.0 = Release|Any CPU
		{174B13DB-703E-4DB7-A49D-1DB7C0C6E967}.Release|x64.ActiveCfg = Release|Any CPU
		{3EC08B94-49E3-428C-9A83-B952EB4AEF7E}.Debug|Any CPU.ActiveCfg = Debug|Any CPU
		{3EC08B94-49E3-428C-9A83-B952EB4AEF7E}.Debug|Any CPU.Build.0 = Debug|Any CPU
		{3EC08B94-49E3-428C-9A83-B952EB4AEF7E}.Debug|Mixed Platforms.ActiveCfg = Debug|Any CPU
		{3EC08B94-49E3-428C-9A83-B952EB4AEF7E}.Debug|Mixed Platforms.Build.0 = Debug|Any CPU
		{3EC08B94-49E3-428C-9A83-B952EB4AEF7E}.Debug|x64.ActiveCfg = Debug|Any CPU
		{3EC08B94-49E3-428C-9A83-B952EB4AEF7E}.Release|Any CPU.ActiveCfg = Release|Any CPU
		{3EC08B94-49E3-428C-9A83-B952EB4AEF7E}.Release|Any CPU.Build.0 = Release|Any CPU
		{3EC08B94-49E3-428C-9A83-B952EB4AEF7E}.Release|Mixed Platforms.ActiveCfg = Release|Any CPU
		{3EC08B94-49E3-428C-9A83-B952EB4AEF7E}.Release|Mixed Platforms.Build.0 = Release|Any CPU
		{3EC08B94-49E3-428C-9A83-B952EB4AEF7E}.Release|x64.ActiveCfg = Release|Any CPU
		{514F5744-17B0-4726-8976-77491F11CC0A}.Debug|Any CPU.ActiveCfg = Debug|Any CPU
		{514F5744-17B0-4726-8976-77491F11CC0A}.Debug|Any CPU.Build.0 = Debug|Any CPU
		{514F5744-17B0-4726-8976-77491F11CC0A}.Debug|Mixed Platforms.ActiveCfg = Debug|Any CPU
		{514F5744-17B0-4726-8976-77491F11CC0A}.Debug|Mixed Platforms.Build.0 = Debug|Any CPU
		{514F5744-17B0-4726-8976-77491F11CC0A}.Debug|x64.ActiveCfg = Debug|x64
		{514F5744-17B0-4726-8976-77491F11CC0A}.Debug|x64.Build.0 = Debug|x64
		{514F5744-17B0-4726-8976-77491F11CC0A}.Release|Any CPU.ActiveCfg = Release|Any CPU
		{514F5744-17B0-4726-8976-77491F11CC0A}.Release|Any CPU.Build.0 = Release|Any CPU
		{514F5744-17B0-4726-8976-77491F11CC0A}.Release|Mixed Platforms.ActiveCfg = Release|Any CPU
		{514F5744-17B0-4726-8976-77491F11CC0A}.Release|Mixed Platforms.Build.0 = Release|Any CPU
		{514F5744-17B0-4726-8976-77491F11CC0A}.Release|x64.ActiveCfg = Release|x64
		{514F5744-17B0-4726-8976-77491F11CC0A}.Release|x64.Build.0 = Release|x64
		{7852EA85-2A5E-43B2-AA05-46DE67F94E50}.Debug|Any CPU.ActiveCfg = Debug|Any CPU
		{7852EA85-2A5E-43B2-AA05-46DE67F94E50}.Debug|Any CPU.Build.0 = Debug|Any CPU
		{7852EA85-2A5E-43B2-AA05-46DE67F94E50}.Debug|Mixed Platforms.ActiveCfg = Debug|Any CPU
		{7852EA85-2A5E-43B2-AA05-46DE67F94E50}.Debug|Mixed Platforms.Build.0 = Debug|Any CPU
		{7852EA85-2A5E-43B2-AA05-46DE67F94E50}.Debug|x64.ActiveCfg = Debug|Any CPU
		{7852EA85-2A5E-43B2-AA05-46DE67F94E50}.Release|Any CPU.ActiveCfg = Release|Any CPU
		{7852EA85-2A5E-43B2-AA05-46DE67F94E50}.Release|Any CPU.Build.0 = Release|Any CPU
		{7852EA85-2A5E-43B2-AA05-46DE67F94E50}.Release|Mixed Platforms.ActiveCfg = Release|Any CPU
		{7852EA85-2A5E-43B2-AA05-46DE67F94E50}.Release|Mixed Platforms.Build.0 = Release|Any CPU
		{7852EA85-2A5E-43B2-AA05-46DE67F94E50}.Release|x64.ActiveCfg = Release|Any CPU
		{A7EB0A48-9CEF-4FC3-A6A0-6E49E2B979DD}.Debug|Any CPU.ActiveCfg = Debug|Any CPU
		{A7EB0A48-9CEF-4FC3-A6A0-6E49E2B979DD}.Debug|Any CPU.Build.0 = Debug|Any CPU
		{A7EB0A48-9CEF-4FC3-A6A0-6E49E2B979DD}.Debug|Mixed Platforms.ActiveCfg = Debug|Any CPU
		{A7EB0A48-9CEF-4FC3-A6A0-6E49E2B979DD}.Debug|Mixed Platforms.Build.0 = Debug|Any CPU
		{A7EB0A48-9CEF-4FC3-A6A0-6E49E2B979DD}.Debug|x64.ActiveCfg = Debug|Any CPU
		{A7EB0A48-9CEF-4FC3-A6A0-6E49E2B979DD}.Release|Any CPU.ActiveCfg = Release|Any CPU
		{A7EB0A48-9CEF-4FC3-A6A0-6E49E2B979DD}.Release|Any CPU.Build.0 = Release|Any CPU
		{A7EB0A48-9CEF-4FC3-A6A0-6E49E2B979DD}.Release|Mixed Platforms.ActiveCfg = Release|Any CPU
		{A7EB0A48-9CEF-4FC3-A6A0-6E49E2B979DD}.Release|Mixed Platforms.Build.0 = Release|Any CPU
		{A7EB0A48-9CEF-4FC3-A6A0-6E49E2B979DD}.Release|x64.ActiveCfg = Release|Any CPU
		{CDBD813A-5091-4D07-B532-39487135F216}.Debug|Any CPU.ActiveCfg = Debug|Any CPU
		{CDBD813A-5091-4D07-B532-39487135F216}.Debug|Any CPU.Build.0 = Debug|Any CPU
		{CDBD813A-5091-4D07-B532-39487135F216}.Debug|Mixed Platforms.ActiveCfg = Debug|Any CPU
		{CDBD813A-5091-4D07-B532-39487135F216}.Debug|Mixed Platforms.Build.0 = Debug|Any CPU
		{CDBD813A-5091-4D07-B532-39487135F216}.Debug|x64.ActiveCfg = Debug|Any CPU
		{CDBD813A-5091-4D07-B532-39487135F216}.Release|Any CPU.ActiveCfg = Release|Any CPU
		{CDBD813A-5091-4D07-B532-39487135F216}.Release|Any CPU.Build.0 = Release|Any CPU
		{CDBD813A-5091-4D07-B532-39487135F216}.Release|Mixed Platforms.ActiveCfg = Release|Any CPU
		{CDBD813A-5091-4D07-B532-39487135F216}.Release|Mixed Platforms.Build.0 = Release|Any CPU
		{CDBD813A-5091-4D07-B532-39487135F216}.Release|x64.ActiveCfg = Release|Any CPU
		{F53641A6-009F-4025-AC69-2010634AB69D}.Debug|Any CPU.ActiveCfg = Debug|Any CPU
		{F53641A6-009F-4025-AC69-2010634AB69D}.Debug|Any CPU.Build.0 = Debug|Any CPU
		{F53641A6-009F-4025-AC69-2010634AB69D}.Debug|Mixed Platforms.ActiveCfg = Debug|Any CPU
		{F53641A6-009F-4025-AC69-2010634AB69D}.Debug|Mixed Platforms.Build.0 = Debug|Any CPU
		{F53641A6-009F-4025-AC69-2010634AB69D}.Debug|x64.ActiveCfg = Debug|Any CPU
		{F53641A6-009F-4025-AC69-2010634AB69D}.Release|Any CPU.ActiveCfg = Release|Any CPU
		{F53641A6-009F-4025-AC69-2010634AB69D}.Release|Any CPU.Build.0 = Release|Any CPU
		{F53641A6-009F-4025-AC69-2010634AB69D}.Release|Mixed Platforms.ActiveCfg = Release|Any CPU
		{F53641A6-009F-4025-AC69-2010634AB69D}.Release|Mixed Platforms.Build.0 = Release|Any CPU
		{F53641A6-009F-4025-AC69-2010634AB69D}.Release|x64.ActiveCfg = Release|Any CPU
	EndGlobalSection
	GlobalSection(SolutionProperties) = preSolution
		HideSolutionNode = FALSE
	EndGlobalSection
	GlobalSection(NestedProjects) = preSolution
		{174B13DB-703E-4DB7-A49D-1DB7C0C6E967} = {93C7D74A-0D0F-474B-8AF0-7DEB45E59987}
		{514F5744-17B0-4726-8976-77491F11CC0A} = {93C7D74A-0D0F-474B-8AF0-7DEB45E59987}
		{CDBD813A-5091-4D07-B532-39487135F216} = {FFA8DCFD-3385-4BE1-8AF7-B4872E674007}
	EndGlobalSection
EndGlobal
